
Microsoft Visual Studio Solution File, Format Version 12.00
# Visual Studio Version 17
VisualStudioVersion = 17.6.33723.286
MinimumVisualStudioVersion = 10.0.40219.1
Project("{FAE04EC0-301F-11D3-BF4B-00C04F79EFBC}") = "WindowsFormsApp1", "WindowsFormsApp1.csproj", "{6A679306-E410-403C-9549-567FB3DAB040}"
EndProject
Global
	GlobalSection(SolutionConfigurationPlatforms) = preSolution
		Debug|Any CPU = Debug|Any CPU
		Release|Any CPU = Release|Any CPU
	EndGlobalSection
	GlobalSection(ProjectConfigurationPlatforms) = postSolution
		{6A679306-E410-403C-9549-567FB3DAB040}.Debug|Any CPU.ActiveCfg = Debug|Any CPU
		{6A679306-E410-403C-9549-567FB3DAB040}.Debug|Any CPU.Build.0 = Debug|Any CPU
		{6A679306-E410-403C-9549-567FB3DAB040}.Release|Any CPU.ActiveCfg = Release|Any CPU
		{6A679306-E410-403C-9549-567FB3DAB040}.Release|Any CPU.Build.0 = Release|Any CPU
	EndGlobalSection
	GlobalSection(SolutionProperties) = preSolution
		HideSolutionNode = FALSE
	EndGlobalSection
	GlobalSection(ExtensibilityGlobals) = postSolution
		SolutionGuid = {4DD123FD-3F8D-4E8D-AE5B-059E3A7F37F5}
	EndGlobalSection
EndGlobal
